
Microsoft Visual Studio Solution File, Format Version 11.00
# Visual Studio 2010
Project("{8BC9CEB8-8B4A-11D0-8D11-00A0C91BC942}") = "Gamexim", "Gamexim\Gamexim.vcxproj", "{94022147-6EC9-4421-9590-2951F6F94E82}"
EndProject
Global
	GlobalSection(SolutionConfigurationPlatforms) = preSolution
		Debug|Win32 = Debug|Win32
		Release|Win32 = Release|Win32
	EndGlobalSection
	GlobalSection(ProjectConfigurationPlatforms) = postSolution
		{94022147-6EC9-4421-9590-2951F6F94E82}.Debug|Win32.ActiveCfg = Debug|Win32
		{94022147-6EC9-4421-9590-2951F6F94E82}.Debug|Win32.Build.0 = Debug|Win32
		{94022147-6EC9-4421-9590-2951F6F94E82}.Release|Win32.ActiveCfg = Release|Win32
		{94022147-6EC9-4421-9590-2951F6F94E82}.Release|Win32.Build.0 = Release|Win32
	EndGlobalSection
	GlobalSection(SolutionProperties) = preSolution
		HideSolutionNode = FALSE
	EndGlobalSection
EndGlobal
